
Microsoft Visual Studio Solution File, Format Version 12.00
# Visual Studio Version 17
VisualStudioVersion = 17.11.35222.181
MinimumVisualStudioVersion = 10.0.40219.1
Project("{FAE04EC0-301F-11D3-BF4B-00C04F79EFBC}") = "App.View", "PracticaClase3\App.View.csproj", "{A448A3AB-8235-4368-AB73-C997048A4EAE}"
EndProject
Project("{FAE04EC0-301F-11D3-BF4B-00C04F79EFBC}") = "App.Model", "App.Model\App.Model.csproj", "{AD833334-42C8-44D2-B3E6-A2FEA5047F84}"
EndProject
Project("{FAE04EC0-301F-11D3-BF4B-00C04F79EFBC}") = "App.Controller", "App.Controller\App.Controller.csproj", "{F6E49F58-855C-4796-8AC6-8DE4EEBECCBD}"
EndProject
Global
	GlobalSection(SolutionConfigurationPlatforms) = preSolution
		Debug|Any CPU = Debug|Any CPU
		Release|Any CPU = Release|Any CPU
	EndGlobalSection
	GlobalSection(ProjectConfigurationPlatforms) = postSolution
		{A448A3AB-8235-4368-AB73-C997048A4EAE}.Debug|Any CPU.ActiveCfg = Debug|Any CPU
		{A448A3AB-8235-4368-AB73-C997048A4EAE}.Debug|Any CPU.Build.0 = Debug|Any CPU
		{A448A3AB-8235-4368-AB73-C997048A4EAE}.Release|Any CPU.ActiveCfg = Release|Any CPU
		{A448A3AB-8235-4368-AB73-C997048A4EAE}.Release|Any CPU.Build.0 = Release|Any CPU
		{AD833334-42C8-44D2-B3E6-A2FEA5047F84}.Debug|Any CPU.ActiveCfg = Debug|Any CPU
		{AD833334-42C8-44D2-B3E6-A2FEA5047F84}.Debug|Any CPU.Build.0 = Debug|Any CPU
		{AD833334-42C8-44D2-B3E6-A2FEA5047F84}.Release|Any CPU.ActiveCfg = Release|Any CPU
		{AD833334-42C8-44D2-B3E6-A2FEA5047F84}.Release|Any CPU.Build.0 = Release|Any CPU
		{F6E49F58-855C-4796-8AC6-8DE4EEBECCBD}.Debug|Any CPU.ActiveCfg = Debug|Any CPU
		{F6E49F58-855C-4796-8AC6-8DE4EEBECCBD}.Debug|Any CPU.Build.0 = Debug|Any CPU
		{F6E49F58-855C-4796-8AC6-8DE4EEBECCBD}.Release|Any CPU.ActiveCfg = Release|Any CPU
		{F6E49F58-855C-4796-8AC6-8DE4EEBECCBD}.Release|Any CPU.Build.0 = Release|Any CPU
	EndGlobalSection
	GlobalSection(SolutionProperties) = preSolution
		HideSolutionNode = FALSE
	EndGlobalSection
	GlobalSection(ExtensibilityGlobals) = postSolution
		SolutionGuid = {E04CEC17-42B0-466F-A4CB-C4D17BD1E17A}
	EndGlobalSection
EndGlobal
